
Microsoft Visual Studio Solution File, Format Version 12.00
# Visual Studio Version 17
VisualStudioVersion = 17.0.32112.339
MinimumVisualStudioVersion = 10.0.40219.1
Project("{FAE04EC0-301F-11D3-BF4B-00C04F79EFBC}") = "CSI 124Aggregation Assignment", "CSI 124Aggregation Assignment\CSI 124Aggregation Assignment.csproj", "{0AD84C9A-942F-48ED-A603-4FCA82C11D57}"
EndProject
Global
	GlobalSection(SolutionConfigurationPlatforms) = preSolution
		Debug|Any CPU = Debug|Any CPU
		Release|Any CPU = Release|Any CPU
	EndGlobalSection
	GlobalSection(ProjectConfigurationPlatforms) = postSolution
		{0AD84C9A-942F-48ED-A603-4FCA82C11D57}.Debug|Any CPU.ActiveCfg = Debug|Any CPU
		{0AD84C9A-942F-48ED-A603-4FCA82C11D57}.Debug|Any CPU.Build.0 = Debug|Any CPU
		{0AD84C9A-942F-48ED-A603-4FCA82C11D57}.Release|Any CPU.ActiveCfg = Release|Any CPU
		{0AD84C9A-942F-48ED-A603-4FCA82C11D57}.Release|Any CPU.Build.0 = Release|Any CPU
	EndGlobalSection
	GlobalSection(SolutionProperties) = preSolution
		HideSolutionNode = FALSE
	EndGlobalSection
	GlobalSection(ExtensibilityGlobals) = postSolution
		SolutionGuid = {03D1C39F-5A3E-4842-9D26-DE119DA2524C}
	EndGlobalSection
EndGlobal
